{
  "name": "file-structure-template",
  "version": "1.0.0",
  "lockfileVersion": 2,
  "requires": true,
  "packages": {
    "": {
      "name": "file-structure-template",
      "version": "1.0.0",
      "license": "ISC",
      "dependencies": {
        "is-ci": "^3.0.1"
      },
      "devDependencies": {
        "husky": "^8.0.2"
      }
    },
    "node_modules/ci-info": {
      "version": "3.6.1",
      "resolved": "https://registry.npmjs.org/ci-info/-/ci-info-3.6.1.tgz",
      "integrity": "sha512-up5ggbaDqOqJ4UqLKZ2naVkyqSJQgJi5lwD6b6mM748ysrghDBX0bx/qJTUHzw7zu6Mq4gycviSF5hJnwceD8w==",
      "engines": {
        "node": ">=8"
      }
    },
    "node_modules/husky": {
      "version": "8.0.2",
      "resolved": "https://registry.npmjs.org/husky/-/husky-8.0.2.tgz",
      "integrity": "sha512-Tkv80jtvbnkK3mYWxPZePGFpQ/tT3HNSs/sasF9P2YfkMezDl3ON37YN6jUUI4eTg5LcyVynlb6r4eyvOmspvg==",
      "dev": true,
      "bin": {
        "husky": "lib/bin.js"
      },
      "engines": {
        "node": ">=14"
      },
      "funding": {
        "url": "https://github.com/sponsors/typicode"
      }
    },
    "node_modules/is-ci": {
      "version": "3.0.1",
      "resolved": "https://registry.npmjs.org/is-ci/-/is-ci-3.0.1.tgz",
      "integrity": "sha512-ZYvCgrefwqoQ6yTyYUbQu64HsITZ3NfKX1lzaEYdkTDcfKzzCI/wthRRYKkdjHKFVgNiXKAKm65Zo1pk2as/QQ==",
      "dependencies": {
        "ci-info": "^3.2.0"
      },
      "bin": {
        "is-ci": "bin.js"
      }
    }
  },
  "dependencies": {
    "ci-info": {
      "version": "3.6.1",
      "resolved": "https://registry.npmjs.org/ci-info/-/ci-info-3.6.1.tgz",
      "integrity": "sha512-up5ggbaDqOqJ4UqLKZ2naVkyqSJQgJi5lwD6b6mM748ysrghDBX0bx/qJTUHzw7zu6Mq4gycviSF5hJnwceD8w=="
    },
    "husky": {
      "version": "8.0.2",
      "resolved": "https://registry.npmjs.org/husky/-/husky-8.0.2.tgz",
      "integrity": "sha512-Tkv80jtvbnkK3mYWxPZePGFpQ/tT3HNSs/sasF9P2YfkMezDl3ON37YN6jUUI4eTg5LcyVynlb6r4eyvOmspvg==",
      "dev": true
    },
    "is-ci": {
      "version": "3.0.1",
      "resolved": "https://registry.npmjs.org/is-ci/-/is-ci-3.0.1.tgz",
      "integrity": "sha512-ZYvCgrefwqoQ6yTyYUbQu64HsITZ3NfKX1lzaEYdkTDcfKzzCI/wthRRYKkdjHKFVgNiXKAKm65Zo1pk2as/QQ==",
      "requires": {
        "ci-info": "^3.2.0"
      }
    }
  }
}
